<?xml version="1.0" encoding="utf-8"?>
<Project ToolsVersion="4.0" xmlns="http://schemas.microsoft.com/developer/msbuild/2003">
  <ItemGroup>
    <Filter Include="ClientEntry">
      <UniqueIdentifier>{93995380-89BD-4b04-88EB-625FBE52EBFB}</UniqueIdentifier>
      <Extensions>h;hh;hpp;hxx;h++;hm;inl;inc;ipp;xsd</Extensions>
    </Filter>
    <Filter Include="ClientWorld">
      <UniqueIdentifier>{b95d0948-bee1-478c-866b-dcfb944bf102}</UniqueIdentifier>
    </Filter>
    <Filter Include="ClientLevel">
      <UniqueIdentifier>{4FC737F1-C7A5-4376-A066-2A32D752A2FF}</UniqueIdentifier>
      <Extensions>cpp;c;cc;cxx;c++;cppm;ixx;def;odl;idl;hpj;bat;asm;asmx</Extensions>
    </Filter>
    <Filter Include="TestActor">
      <UniqueIdentifier>{16a82e92-bf3a-4e08-aae7-6301de18f368}</UniqueIdentifier>
    </Filter>
    <Filter Include="NoteManager">
      <UniqueIdentifier>{5b67b8d7-9f54-4015-af1a-252dfe86fcd5}</UniqueIdentifier>
    </Filter>
    <Filter Include="Editer">
      <UniqueIdentifier>{bd3f8258-05d9-40c6-ba4e-07f99d42354f}</UniqueIdentifier>
    </Filter>
  </ItemGroup>
  <ItemGroup>
    <ClInclude Include="Header\ClientEntry.h">
      <Filter>ClientEntry</Filter>
    </ClInclude>
    <ClInclude Include="Header\ClientWorld.h">
      <Filter>ClientWorld</Filter>
    </ClInclude>
    <ClInclude Include="Header\TestActor.h">
      <Filter>TestActor</Filter>
    </ClInclude>
    <ClInclude Include="Header\ClientLevel.h">
      <Filter>ClientLevel</Filter>
    </ClInclude>
    <ClInclude Include="Header\PrototypeEditerLevel.h">
      <Filter>ClientLevel</Filter>
    </ClInclude>
    <ClInclude Include="Header\PrototypeEditerWorld.h">
      <Filter>ClientWorld</Filter>
    </ClInclude>
    <ClInclude Include="Header\NoteManager.h">
      <Filter>NoteManager</Filter>
    </ClInclude>
    <ClInclude Include="Header\NoteEditer.h">
      <Filter>Editer</Filter>
    </ClInclude>
  </ItemGroup>
  <ItemGroup>
    <ClCompile Include="Src\ClientEntry.cpp">
      <Filter>ClientEntry</Filter>
    </ClCompile>
    <ClCompile Include="Src\ClientWorld.cpp">
      <Filter>ClientWorld</Filter>
    </ClCompile>
    <ClCompile Include="Src\TestActor.cpp">
      <Filter>TestActor</Filter>
    </ClCompile>
    <ClCompile Include="Src\ClientLevel.cpp">
      <Filter>ClientLevel</Filter>
    </ClCompile>
    <ClCompile Include="Src\PrototypeEditerWorld.cpp">
      <Filter>ClientWorld</Filter>
    </ClCompile>
    <ClCompile Include="Src\PrototypeEditerLevel.cpp">
      <Filter>ClientLevel</Filter>
    </ClCompile>
    <ClCompile Include="Src\NoteManager.cpp">
      <Filter>NoteManager</Filter>
    </ClCompile>
    <ClCompile Include="Src\NoteEditer.cpp">
      <Filter>Editer</Filter>
    </ClCompile>
  </ItemGroup>
  <ItemGroup>
    <ResourceCompile Include="..\ObjBaseEngine.rc" />
  </ItemGroup>
</Project>